
Microsoft Visual Studio Solution File, Format Version 12.00
# Visual Studio Version 17
VisualStudioVersion = 17.4.33110.190
MinimumVisualStudioVersion = 10.0.40219.1
Project("{9A19103F-16F7-4668-BE54-9A1E7A4F7556}") = "DLWMS.WinForms", "DLWMS\DLWMS.WinForms.csproj", "{725EF16B-BA2E-4535-A415-C8CBD6216C45}"
EndProject
Project("{9A19103F-16F7-4668-BE54-9A1E7A4F7556}") = "DLWMS.Data", "DLWMS.Data\DLWMS.Data.csproj", "{A920ADF6-6668-4665-B6D9-74F51088AE8B}"
EndProject
Project("{54435603-DBB4-11D2-8724-00A0C9A8B90C}") = "DLWMS.Setup", "DLWMS.Setup\DLWMS.Setup.vdproj", "{C4D5ADEB-FB62-447C-8851-888018F1E3BD}"
EndProject
Global
	GlobalSection(SolutionConfigurationPlatforms) = preSolution
		Debug|Any CPU = Debug|Any CPU
		Release|Any CPU = Release|Any CPU
	EndGlobalSection
	GlobalSection(ProjectConfigurationPlatforms) = postSolution
		{725EF16B-BA2E-4535-A415-C8CBD6216C45}.Debug|Any CPU.ActiveCfg = Debug|Any CPU
		{725EF16B-BA2E-4535-A415-C8CBD6216C45}.Debug|Any CPU.Build.0 = Debug|Any CPU
		{725EF16B-BA2E-4535-A415-C8CBD6216C45}.Release|Any CPU.ActiveCfg = Release|Any CPU
		{725EF16B-BA2E-4535-A415-C8CBD6216C45}.Release|Any CPU.Build.0 = Release|Any CPU
		{A920ADF6-6668-4665-B6D9-74F51088AE8B}.Debug|Any CPU.ActiveCfg = Debug|Any CPU
		{A920ADF6-6668-4665-B6D9-74F51088AE8B}.Debug|Any CPU.Build.0 = Debug|Any CPU
		{A920ADF6-6668-4665-B6D9-74F51088AE8B}.Release|Any CPU.ActiveCfg = Release|Any CPU
		{A920ADF6-6668-4665-B6D9-74F51088AE8B}.Release|Any CPU.Build.0 = Release|Any CPU
		{C4D5ADEB-FB62-447C-8851-888018F1E3BD}.Debug|Any CPU.ActiveCfg = Debug
		{C4D5ADEB-FB62-447C-8851-888018F1E3BD}.Release|Any CPU.ActiveCfg = Release
	EndGlobalSection
	GlobalSection(SolutionProperties) = preSolution
		HideSolutionNode = FALSE
	EndGlobalSection
	GlobalSection(ExtensibilityGlobals) = postSolution
		SolutionGuid = {F760BCF2-9E87-47B6-BFAF-80734FED7712}
	EndGlobalSection
EndGlobal
